{
  "originHash" : "257a5b829967b98c608789198002b1ea9201a406f0ac3332a88171f69ed0a890",
  "pins" : [
    {
      "identity" : "apphudsdk",
      "kind" : "remoteSourceControl",
      "location" : "https://github.com/apphud/ApphudSDK",
      "state" : {
        "revision" : "a4d2b93384cc67fa6a853465ff345be6f84b0a72",
        "version" : "3.6.2"
      }
    }
  ],
  "version" : 3
}
